// !$*UTF8*$!
{
	archiveVersion = 1;
	classes = {
	};
	objectVersion = 55;
	objects = {

/* Begin PBXBuildFile section */
		46545E7F2846DABC0068A37C /* ListView.swift in Sources */ = {isa = PBXBuildFile; fileRef = 46545E7E2846DABC0068A37C /* ListView.swift */; };
		46545E812846E12E0068A37C /* ListRowView.swift in Sources */ = {isa = PBXBuildFile; fileRef = 46545E802846E12E0068A37C /* ListRowView.swift */; };
		46545E832846E33E0068A37C /* AddView.swift in Sources */ = {isa = PBXBuildFile; fileRef = 46545E822846E33E0068A37C /* AddView.swift */; };
		4665C05128478A7C004B9380 /* ItemModel.swift in Sources */ = {isa = PBXBuildFile; fileRef = 4665C05028478A7C004B9380 /* ItemModel.swift */; };
		4665C054284795C2004B9380 /* ListViewModel.swift in Sources */ = {isa = PBXBuildFile; fileRef = 4665C053284795C2004B9380 /* ListViewModel.swift */; };
		4680B2CA2849BFC200069289 /* NoItemsView.swift in Sources */ = {isa = PBXBuildFile; fileRef = 4680B2C92849BFC200069289 /* NoItemsView.swift */; };
		46CAE1F728469E1300C0853C /* SwiftfulThinkingTodoListApp.swift in Sources */ = {isa = PBXBuildFile; fileRef = 46CAE1F628469E1300C0853C /* SwiftfulThinkingTodoListApp.swift */; };
		46CAE1FB28469E1500C0853C /* Assets.xcassets in Resources */ = {isa = PBXBuildFile; fileRef = 46CAE1FA28469E1500C0853C /* Assets.xcassets */; };
		46CAE1FE28469E1500C0853C /* Preview Assets.xcassets in Resources */ = {isa = PBXBuildFile; fileRef = 46CAE1FD28469E1500C0853C /* Preview Assets.xcassets */; };
		46CAE20628469E6C00C0853C /* README.md in Resources */ = {isa = PBXBuildFile; fileRef = 46CAE20428469E6C00C0853C /* README.md */; };
		46CAE20728469E6C00C0853C /* LICENSE.txt in Resources */ = {isa = PBXBuildFile; fileRef = 46CAE20528469E6C00C0853C /* LICENSE.txt */; };
/* End PBXBuildFile section */

/* Begin PBXFileReference section */
		46545E7E2846DABC0068A37C /* ListView.swift */ = {isa = PBXFileReference; lastKnownFileType = sourcecode.swift; path = ListView.swift; sourceTree = "<group>"; };
		46545E802846E12E0068A37C /* ListRowView.swift */ = {isa = PBXFileReference; lastKnownFileType = sourcecode.swift; path = ListRowView.swift; sourceTree = "<group>"; };
		46545E822846E33E0068A37C /* AddView.swift */ = {isa = PBXFileReference; lastKnownFileType = sourcecode.swift; path = AddView.swift; sourceTree = "<group>"; };
		4665C05028478A7C004B9380 /* ItemModel.swift */ = {isa = PBXFileReference; lastKnownFileType = sourcecode.swift; path = ItemModel.swift; sourceTree = "<group>"; };
		4665C053284795C2004B9380 /* ListViewModel.swift */ = {isa = PBXFileReference; lastKnownFileType = sourcecode.swift; path = ListViewModel.swift; sourceTree = "<group>"; };
		4680B2C92849BFC200069289 /* NoItemsView.swift */ = {isa = PBXFileReference; lastKnownFileType = sourcecode.swift; path = NoItemsView.swift; sourceTree = "<group>"; };
		46CAE1F328469E1300C0853C /* SwiftfulThinkingTodoList.app */ = {isa = PBXFileReference; explicitFileType = wrapper.application; includeInIndex = 0; path = SwiftfulThinkingTodoList.app; sourceTree = BUILT_PRODUCTS_DIR; };
		46CAE1F628469E1300C0853C /* SwiftfulThinkingTodoListApp.swift */ = {isa = PBXFileReference; lastKnownFileType = sourcecode.swift; path = SwiftfulThinkingTodoListApp.swift; sourceTree = "<group>"; };
		46CAE1FA28469E1500C0853C /* Assets.xcassets */ = {isa = PBXFileReference; lastKnownFileType = folder.assetcatalog; path = Assets.xcassets; sourceTree = "<group>"; };
		46CAE1FD28469E1500C0853C /* Preview Assets.xcassets */ = {isa = PBXFileReference; lastKnownFileType = folder.assetcatalog; path = "Preview Assets.xcassets"; sourceTree = "<group>"; };
		46CAE20428469E6C00C0853C /* README.md */ = {isa = PBXFileReference; fileEncoding = 4; lastKnownFileType = net.daringfireball.markdown; path = README.md; sourceTree = SOURCE_ROOT; };
		46CAE20528469E6C00C0853C /* LICENSE.txt */ = {isa = PBXFileReference; fileEncoding = 4; lastKnownFileType = text; path = LICENSE.txt; sourceTree = SOURCE_ROOT; };
/* End PBXFileReference section */

/* Begin PBXFrameworksBuildPhase section */
		46CAE1F028469E1300C0853C /* Frameworks */ = {
			isa = PBXFrameworksBuildPhase;
			buildActionMask = 2147483647;
			files = (
			);
			runOnlyForDeploymentPostprocessing = 0;
		};
/* End PBXFrameworksBuildPhase section */

/* Begin PBXGroup section */
		46545E7D2846DA910068A37C /* Views */ = {
			isa = PBXGroup;
			children = (
				46545E7E2846DABC0068A37C /* ListView.swift */,
				46545E802846E12E0068A37C /* ListRowView.swift */,
				46545E822846E33E0068A37C /* AddView.swift */,
				4680B2C92849BFC200069289 /* NoItemsView.swift */,
			);
			path = Views;
			sourceTree = "<group>";
		};
		4665C04F28478A4C004B9380 /* Models */ = {
			isa = PBXGroup;
			children = (
				4665C05028478A7C004B9380 /* ItemModel.swift */,
			);
			path = Models;
			sourceTree = "<group>";
		};
		4665C052284795A0004B9380 /* ViewModels */ = {
			isa = PBXGroup;
			children = (
				4665C053284795C2004B9380 /* ListViewModel.swift */,
			);
			path = ViewModels;
			sourceTree = "<group>";
		};
		46CAE1EA28469E1300C0853C = {
			isa = PBXGroup;
			children = (
				46CAE1F528469E1300C0853C /* SwiftfulThinkingTodoList */,
				46CAE1F428469E1300C0853C /* Products */,
			);
			sourceTree = "<group>";
		};
		46CAE1F428469E1300C0853C /* Products */ = {
			isa = PBXGroup;
			children = (
				46CAE1F328469E1300C0853C /* SwiftfulThinkingTodoList.app */,
			);
			name = Products;
			sourceTree = "<group>";
		};
		46CAE1F528469E1300C0853C /* SwiftfulThinkingTodoList */ = {
			isa = PBXGroup;
			children = (
				46CAE20528469E6C00C0853C /* LICENSE.txt */,
				46CAE20428469E6C00C0853C /* README.md */,
				46CAE1F628469E1300C0853C /* SwiftfulThinkingTodoListApp.swift */,
				4665C04F28478A4C004B9380 /* Models */,
				4665C052284795A0004B9380 /* ViewModels */,
				46545E7D2846DA910068A37C /* Views */,
				46CAE1FA28469E1500C0853C /* Assets.xcassets */,
				46CAE1FC28469E1500C0853C /* Preview Content */,
			);
			path = SwiftfulThinkingTodoList;
			sourceTree = "<group>";
		};
		46CAE1FC28469E1500C0853C /* Preview Content */ = {
			isa = PBXGroup;
			children = (
				46CAE1FD28469E1500C0853C /* Preview Assets.xcassets */,
			);
			path = "Preview Content";
			sourceTree = "<group>";
		};
/* End PBXGroup section */

/* Begin PBXNativeTarget section */
		46CAE1F228469E1300C0853C /* SwiftfulThinkingTodoList */ = {
			isa = PBXNativeTarget;
			buildConfigurationList = 46CAE20128469E1500C0853C /* Build configuration list for PBXNativeTarget "SwiftfulThinkingTodoList" */;
			buildPhases = (
				46CAE1EF28469E1300C0853C /* Sources */,
				46CAE1F028469E1300C0853C /* Frameworks */,
				46CAE1F128469E1300C0853C /* Resources */,
			);
			buildRules = (
			);
			dependencies = (
			);
			name = SwiftfulThinkingTodoList;
			productName = SwiftfulThinkingTodoList;
			productReference = 46CAE1F328469E1300C0853C /* SwiftfulThinkingTodoList.app */;
			productType = "com.apple.product-type.application";
		};
/* End PBXNativeTarget section */

/* Begin PBXProject section */
		46CAE1EB28469E1300C0853C /* Project object */ = {
			isa = PBXProject;
			attributes = {
				BuildIndependentTargetsInParallel = 1;
				LastSwiftUpdateCheck = 1340;
				LastUpgradeCheck = 1340;
				TargetAttributes = {
					46CAE1F228469E1300C0853C = {
						CreatedOnToolsVersion = 13.4;
					};
				};
			};
			buildConfigurationList = 46CAE1EE28469E1300C0853C /* Build configuration list for PBXProject "SwiftfulThinkingTodoList" */;
			compatibilityVersion = "Xcode 13.0";
			developmentRegion = en;
			hasScannedForEncodings = 0;
			knownRegions = (
				en,
				Base,
			);
			mainGroup = 46CAE1EA28469E1300C0853C;
			productRefGroup = 46CAE1F428469E1300C0853C /* Products */;
			projectDirPath = "";
			projectRoot = "";
			targets = (
				46CAE1F228469E1300C0853C /* SwiftfulThinkingTodoList */,
			);
		};
/* End PBXProject section */

/* Begin PBXResourcesBuildPhase section */
		46CAE1F128469E1300C0853C /* Resources */ = {
			isa = PBXResourcesBuildPhase;
			buildActionMask = 2147483647;
			files = (
				46CAE20728469E6C00C0853C /* LICENSE.txt in Resources */,
				46CAE20628469E6C00C0853C /* README.md in Resources */,
				46CAE1FE28469E1500C0853C /* Preview Assets.xcassets in Resources */,
				46CAE1FB28469E1500C0853C /* Assets.xcassets in Resources */,
			);
			runOnlyForDeploymentPostprocessing = 0;
		};
/* End PBXResourcesBuildPhase section */

/* Begin PBXSourcesBuildPhase section */
		46CAE1EF28469E1300C0853C /* Sources */ = {
			isa = PBXSourcesBuildPhase;
			buildActionMask = 2147483647;
			files = (
				4665C05128478A7C004B9380 /* ItemModel.swift in Sources */,
				46545E832846E33E0068A37C /* AddView.swift in Sources */,
				4665C054284795C2004B9380 /* ListViewModel.swift in Sources */,
				46CAE1F728469E1300C0853C /* SwiftfulThinkingTodoListApp.swift in Sources */,
				46545E7F2846DABC0068A37C /* ListView.swift in Sources */,
				4680B2CA2849BFC200069289 /* NoItemsView.swift in Sources */,
				46545E812846E12E0068A37C /* ListRowView.swift in Sources */,
			);
			runOnlyForDeploymentPostprocessing = 0;
		};
/* End PBXSourcesBuildPhase section */

/* Begin XCBuildConfiguration section */
		46CAE1FF28469E1500C0853C /* Debug */ = {
			isa = XCBuildConfiguration;
			buildSettings = {
				ALWAYS_SEARCH_USER_PATHS = NO;
				CLANG_ANALYZER_NONNULL = YES;
				CLANG_ANALYZER_NUMBER_OBJECT_CONVERSION = YES_AGGRESSIVE;
				CLANG_CXX_LANGUAGE_STANDARD = "gnu++17";
				CLANG_ENABLE_MODULES = YES;
				CLANG_ENABLE_OBJC_ARC = YES;
				CLANG_ENABLE_OBJC_WEAK = YES;
				CLANG_WARN_BLOCK_CAPTURE_AUTORELEASING = YES;
				CLANG_WARN_BOOL_CONVERSION = YES;
				CLANG_WARN_COMMA = YES;
				CLANG_WARN_CONSTANT_CONVERSION = YES;
				CLANG_WARN_DEPRECATED_OBJC_IMPLEMENTATIONS = YES;
				CLANG_WARN_DIRECT_OBJC_ISA_USAGE = YES_ERROR;
				CLANG_WARN_DOCUMENTATION_COMMENTS = YES;
				CLANG_WARN_EMPTY_BODY = YES;
				CLANG_WARN_ENUM_CONVERSION = YES;
				CLANG_WARN_INFINITE_RECURSION = YES;
				CLANG_WARN_INT_CONVERSION = YES;
				CLANG_WARN_NON_LITERAL_NULL_CONVERSION = YES;
				CLANG_WARN_OBJC_IMPLICIT_RETAIN_SELF = YES;
				CLANG_WARN_OBJC_LITERAL_CONVERSION = YES;
				CLANG_WARN_OBJC_ROOT_CLASS = YES_ERROR;
				CLANG_WARN_QUOTED_INCLUDE_IN_FRAMEWORK_HEADER = YES;
				CLANG_WARN_RANGE_LOOP_ANALYSIS = YES;
				CLANG_WARN_STRICT_PROTOTYPES = YES;
				CLANG_WARN_SUSPICIOUS_MOVE = YES;
				CLANG_WARN_UNGUARDED_AVAILABILITY = YES_AGGRESSIVE;
				CLANG_WARN_UNREACHABLE_CODE = YES;
				CLANG_WARN__DUPLICATE_METHOD_MATCH = YES;
				COPY_PHASE_STRIP = NO;
				DEBUG_INFORMATION_FORMAT = dwarf;
				ENABLE_STRICT_OBJC_MSGSEND = YES;
				ENABLE_TESTABILITY = YES;
				GCC_C_LANGUAGE_STANDARD = gnu11;
				GCC_DYNAMIC_NO_PIC = NO;
				GCC_NO_COMMON_BLOCKS = YES;
				GCC_OPTIMIZATION_LEVEL = 0;
				GCC_PREPROCESSOR_DEFINITIONS = (
					"DEBUG=1",
					"$(inherited)",
				);
				GCC_WARN_64_TO_32_BIT_CONVERSION = YES;
				GCC_WARN_ABOUT_RETURN_TYPE = YES_ERROR;
				GCC_WARN_UNDECLARED_SELECTOR = YES;
				GCC_WARN_UNINITIALIZED_AUTOS = YES_AGGRESSIVE;
				GCC_WARN_UNUSED_FUNCTION = YES;
				GCC_WARN_UNUSED_VARIABLE = YES;
				IPHONEOS_DEPLOYMENT_TARGET = 15.5;
				MTL_ENABLE_DEBUG_INFO = INCLUDE_SOURCE;
				MTL_FAST_MATH = YES;
				ONLY_ACTIVE_ARCH = YES;
				SDKROOT = iphoneos;
				SWIFT_ACTIVE_COMPILATION_CONDITIONS = DEBUG;
				SWIFT_OPTIMIZATION_LEVEL = "-Onone";
			};
			name = Debug;
		};
		46CAE20028469E1500C0853C /* Release */ = {
			isa = XCBuildConfiguration;
			buildSettings = {
				ALWAYS_SEARCH_USER_PATHS = NO;
				CLANG_ANALYZER_NONNULL = YES;
				CLANG_ANALYZER_NUMBER_OBJECT_CONVERSION = YES_AGGRESSIVE;
				CLANG_CXX_LANGUAGE_STANDARD = "gnu++17";
				CLANG_ENABLE_MODULES = YES;
				CLANG_ENABLE_OBJC_ARC = YES;
				CLANG_ENABLE_OBJC_WEAK = YES;
				CLANG_WARN_BLOCK_CAPTURE_AUTORELEASING = YES;
				CLANG_WARN_BOOL_CONVERSION = YES;
				CLANG_WARN_COMMA = YES;
				CLANG_WARN_CONSTANT_CONVERSION = YES;
				CLANG_WARN_DEPRECATED_OBJC_IMPLEMENTATIONS = YES;
				CLANG_WARN_DIRECT_OBJC_ISA_USAGE = YES_ERROR;
				CLANG_WARN_DOCUMENTATION_COMMENTS = YES;
				CLANG_WARN_EMPTY_BODY = YES;
				CLANG_WARN_ENUM_CONVERSION = YES;
				CLANG_WARN_INFINITE_RECURSION = YES;
				CLANG_WARN_INT_CONVERSION = YES;
				CLANG_WARN_NON_LITERAL_NULL_CONVERSION = YES;
				CLANG_WARN_OBJC_IMPLICIT_RETAIN_SELF = YES;
				CLANG_WARN_OBJC_LITERAL_CONVERSION = YES;
				CLANG_WARN_OBJC_ROOT_CLASS = YES_ERROR;
				CLANG_WARN_QUOTED_INCLUDE_IN_FRAMEWORK_HEADER = YES;
				CLANG_WARN_RANGE_LOOP_ANALYSIS = YES;
				CLANG_WARN_STRICT_PROTOTYPES = YES;
				CLANG_WARN_SUSPICIOUS_MOVE = YES;
				CLANG_WARN_UNGUARDED_AVAILABILITY = YES_AGGRESSIVE;
				CLANG_WARN_UNREACHABLE_CODE = YES;
				CLANG_WARN__DUPLICATE_METHOD_MATCH = YES;
				COPY_PHASE_STRIP = NO;
				DEBUG_INFORMATION_FORMAT = "dwarf-with-dsym";
				ENABLE_NS_ASSERTIONS = NO;
				ENABLE_STRICT_OBJC_MSGSEND = YES;
				GCC_C_LANGUAGE_STANDARD = gnu11;
				GCC_NO_COMMON_BLOCKS = YES;
				GCC_WARN_64_TO_32_BIT_CONVERSION = YES;
				GCC_WARN_ABOUT_RETURN_TYPE = YES_ERROR;
				GCC_WARN_UNDECLARED_SELECTOR = YES;
				GCC_WARN_UNINITIALIZED_AUTOS = YES_AGGRESSIVE;
				GCC_WARN_UNUSED_FUNCTION = YES;
				GCC_WARN_UNUSED_VARIABLE = YES;
				IPHONEOS_DEPLOYMENT_TARGET = 15.5;
				MTL_ENABLE_DEBUG_INFO = NO;
				MTL_FAST_MATH = YES;
				SDKROOT = iphoneos;
				SWIFT_COMPILATION_MODE = wholemodule;
				SWIFT_OPTIMIZATION_LEVEL = "-O";
				VALIDATE_PRODUCT = YES;
			};
			name = Release;
		};
		46CAE20228469E1500C0853C /* Debug */ = {
			isa = XCBuildConfiguration;
			buildSettings = {
				ASSETCATALOG_COMPILER_APPICON_NAME = AppIcon;
				ASSETCATALOG_COMPILER_GLOBAL_ACCENT_COLOR_NAME = AccentColor;
				CODE_SIGN_STYLE = Automatic;
				CURRENT_PROJECT_VERSION = 1;
				DEVELOPMENT_ASSET_PATHS = "\"SwiftfulThinkingTodoList/Preview Content\"";
				DEVELOPMENT_TEAM = 567K2BW2V9;
				ENABLE_PREVIEWS = YES;
				GENERATE_INFOPLIST_FILE = YES;
				INFOPLIST_KEY_UIApplicationSceneManifest_Generation = YES;
				INFOPLIST_KEY_UIApplicationSupportsIndirectInputEvents = YES;
				INFOPLIST_KEY_UILaunchScreen_Generation = YES;
				INFOPLIST_KEY_UISupportedInterfaceOrientations_iPad = "UIInterfaceOrientationPortrait UIInterfaceOrientationPortraitUpsideDown UIInterfaceOrientationLandscapeLeft UIInterfaceOrientationLandscapeRight";
				INFOPLIST_KEY_UISupportedInterfaceOrientations_iPhone = "UIInterfaceOrientationPortrait UIInterfaceOrientationLandscapeLeft UIInterfaceOrientationLandscapeRight";
				IPHONEOS_DEPLOYMENT_TARGET = 14.0;
				LD_RUNPATH_SEARCH_PATHS = (
					"$(inherited)",
					"@executable_path/Frameworks",
				);
				MARKETING_VERSION = 1.0;
				PRODUCT_BUNDLE_IDENTIFIER = com.example.ios.SwiftfulThinkingTodoList;
				PRODUCT_NAME = "$(TARGET_NAME)";
				SWIFT_EMIT_LOC_STRINGS = YES;
				SWIFT_VERSION = 5.0;
				TARGETED_DEVICE_FAMILY = "1,2";
			};
			name = Debug;
		};
		46CAE20328469E1500C0853C /* Release */ = {
			isa = XCBuildConfiguration;
			buildSettings = {
				ASSETCATALOG_COMPILER_APPICON_NAME = AppIcon;
				ASSETCATALOG_COMPILER_GLOBAL_ACCENT_COLOR_NAME = AccentColor;
				CODE_SIGN_STYLE = Automatic;
				CURRENT_PROJECT_VERSION = 1;
				DEVELOPMENT_ASSET_PATHS = "\"SwiftfulThinkingTodoList/Preview Content\"";
				DEVELOPMENT_TEAM = 567K2BW2V9;
				ENABLE_PREVIEWS = YES;
				GENERATE_INFOPLIST_FILE = YES;
				INFOPLIST_KEY_UIApplicationSceneManifest_Generation = YES;
				INFOPLIST_KEY_UIApplicationSupportsIndirectInputEvents = YES;
				INFOPLIST_KEY_UILaunchScreen_Generation = YES;
				INFOPLIST_KEY_UISupportedInterfaceOrientations_iPad = "UIInterfaceOrientationPortrait UIInterfaceOrientationPortraitUpsideDown UIInterfaceOrientationLandscapeLeft UIInterfaceOrientationLandscapeRight";
				INFOPLIST_KEY_UISupportedInterfaceOrientations_iPhone = "UIInterfaceOrientationPortrait UIInterfaceOrientationLandscapeLeft UIInterfaceOrientationLandscapeRight";
				IPHONEOS_DEPLOYMENT_TARGET = 14.0;
				LD_RUNPATH_SEARCH_PATHS = (
					"$(inherited)",
					"@executable_path/Frameworks",
				);
				MARKETING_VERSION = 1.0;
				PRODUCT_BUNDLE_IDENTIFIER = com.example.ios.SwiftfulThinkingTodoList;
				PRODUCT_NAME = "$(TARGET_NAME)";
				SWIFT_EMIT_LOC_STRINGS = YES;
				SWIFT_VERSION = 5.0;
				TARGETED_DEVICE_FAMILY = "1,2";
			};
			name = Release;
		};
/* End XCBuildConfiguration section */

/* Begin XCConfigurationList section */
		46CAE1EE28469E1300C0853C /* Build configuration list for PBXProject "SwiftfulThinkingTodoList" */ = {
			isa = XCConfigurationList;
			buildConfigurations = (
				46CAE1FF28469E1500C0853C /* Debug */,
				46CAE20028469E1500C0853C /* Release */,
			);
			defaultConfigurationIsVisible = 0;
			defaultConfigurationName = Release;
		};
		46CAE20128469E1500C0853C /* Build configuration list for PBXNativeTarget "SwiftfulThinkingTodoList" */ = {
			isa = XCConfigurationList;
			buildConfigurations = (
				46CAE20228469E1500C0853C /* Debug */,
				46CAE20328469E1500C0853C /* Release */,
			);
			defaultConfigurationIsVisible = 0;
			defaultConfigurationName = Release;
		};
/* End XCConfigurationList section */
	};
	rootObject = 46CAE1EB28469E1300C0853C /* Project object */;
}
